{
  "name": "Reactivities",
  "lockfileVersion": 3,
  "requires": true,
  "packages": {
    "": {
      "dependencies": {
        "@tanstack/react-query": "^5.101.2",
        "react": "^19.2.7",
        "react-dom": "^19.2.7",
        "react-dropzone": "^20.1.1"
      }
    },
    "node_modules/@tanstack/query-core": {
      "version": "5.101.2",
      "resolved": "https://registry.npmjs.org/@tanstack/query-core/-/query-core-5.101.2.tgz",
      "integrity": "sha512-hH5MLoJhF7KaIGd7q3xTXGXvslI+GYlM1Z/35aSHHWaCJWB7XvTSHYuV3eM7tw+aE0mT/xMro4M4Q9rCGHT0lw==",
      "license": "MIT",
      "funding": {
        "type": "github",
        "url": "https://github.com/sponsors/tannerlinsley"
      }
    },
    "node_modules/@tanstack/react-query": {
      "version": "5.101.2",
      "resolved": "https://registry.npmjs.org/@tanstack/react-query/-/react-query-5.101.2.tgz",
      "integrity": "sha512-seDkr6kzGzX1okaaTtZPtgA688CDPlXUz1C6xSg0ESqn04Vuc8tlrYms1s3de+znBqhPVxFRfpAfUf+6XvfPWg==",
      "license": "MIT",
      "dependencies": {
        "@tanstack/query-core": "5.101.2"
      },
      "funding": {
        "type": "github",
        "url": "https://github.com/sponsors/tannerlinsley"
      },
      "peerDependencies": {
        "react": "^18 || ^19"
      }
    },
    "node_modules/attr-accept": {
      "version": "4.0.0",
      "resolved": "https://registry.npmjs.org/attr-accept/-/attr-accept-4.0.0.tgz",
      "integrity": "sha512-hmCnJClmeKNKlsBHgbM8yLZRiQZ4/20UXbLJb6OUT16eWcM5/xNZerr80a/zCYob768KIGq++aLrQNTuwPsIOQ==",
      "license": "MIT",
      "engines": {
        "node": ">= 22"
      }
    },
    "node_modules/file-selector": {
      "version": "5.0.1",
      "resolved": "https://registry.npmjs.org/file-selector/-/file-selector-5.0.1.tgz",
      "integrity": "sha512-v0g/PTeuQgvKCBrVRsfVudvwXlRHSWHEQkVgKawgCGHkEpKA1clp3Om5jvEVhz8G9W/mOYjJH9FhkH4C888PgQ==",
      "license": "MIT",
      "engines": {
        "node": ">= 22"
      }
    },
    "node_modules/react": {
      "version": "19.2.7",
      "resolved": "https://registry.npmjs.org/react/-/react-19.2.7.tgz",
      "integrity": "sha512-HNe9WslTbXmFK8o8cmwgAeJFSBvt1bPdHCVKtaaV+WlAN36mpT4hcRpwbf3fY56ar2oIXzsBpOAiIRHAdY0OlQ==",
      "license": "MIT",
      "peer": true,
      "engines": {
        "node": ">=0.10.0"
      }
    },
    "node_modules/react-dom": {
      "version": "19.2.7",
      "resolved": "https://registry.npmjs.org/react-dom/-/react-dom-19.2.7.tgz",
      "integrity": "sha512-t0BRVXvbiE/o20Hfw669rLbMCDWtYZLvmJigy2f0MxsXF+71pxhR3xOkspmsO8h3ZlNzyibAmtCa3l4lYKk6gQ==",
      "license": "MIT",
      "dependencies": {
        "scheduler": "^0.27.0"
      },
      "peerDependencies": {
        "react": "^19.2.7"
      }
    },
    "node_modules/react-dropzone": {
      "version": "20.1.1",
      "resolved": "https://registry.npmjs.org/react-dropzone/-/react-dropzone-20.1.1.tgz",
      "integrity": "sha512-2cilRFP8bsjDOHpV0sJ6XY8pzJhmz4/cQ6s9yeckOACWYDR+n4MGGtnJh3Rycq/9SLhDWugqDx1z5mtfmOOZhw==",
      "license": "MIT",
      "dependencies": {
        "attr-accept": "^4.0.0",
        "file-selector": "^5.0.0"
      },
      "engines": {
        "node": ">= 22"
      },
      "peerDependencies": {
        "@types/react": "*",
        "react": ">= 18"
      },
      "peerDependenciesMeta": {
        "@types/react": {
          "optional": true
        }
      }
    },
    "node_modules/scheduler": {
      "version": "0.27.0",
      "resolved": "https://registry.npmjs.org/scheduler/-/scheduler-0.27.0.tgz",
      "integrity": "sha512-eNv+WrVbKu1f3vbYJT/xtiF5syA5HPIMtf9IgY/nKg0sWqzAUEvqY/xm7OcZc/qafLx/iO9FgOmeSAp4v5ti/Q==",
      "license": "MIT"
    }
  }
}
